
Microsoft Visual Studio Solution File, Format Version 12.00
# Visual Studio Version 17
VisualStudioVersion = 17.2.32526.322
MinimumVisualStudioVersion = 10.0.40219.1
Project("{FAE04EC0-301F-11D3-BF4B-00C04F79EFBC}") = "Realestate", "Realestate.csproj", "{D2353B48-030C-49ED-BE10-987CAFB8426E}"
EndProject
Global
	GlobalSection(SolutionConfigurationPlatforms) = preSolution
		Debug|Any CPU = Debug|Any CPU
		Release|Any CPU = Release|Any CPU
	EndGlobalSection
	GlobalSection(ProjectConfigurationPlatforms) = postSolution
		{D2353B48-030C-49ED-BE10-987CAFB8426E}.Debug|Any CPU.ActiveCfg = Debug|Any CPU
		{D2353B48-030C-49ED-BE10-987CAFB8426E}.Debug|Any CPU.Build.0 = Debug|Any CPU
		{D2353B48-030C-49ED-BE10-987CAFB8426E}.Release|Any CPU.ActiveCfg = Release|Any CPU
		{D2353B48-030C-49ED-BE10-987CAFB8426E}.Release|Any CPU.Build.0 = Release|Any CPU
	EndGlobalSection
	GlobalSection(SolutionProperties) = preSolution
		HideSolutionNode = FALSE
	EndGlobalSection
	GlobalSection(ExtensibilityGlobals) = postSolution
		SolutionGuid = {A35207D9-5D44-4000-AFC4-CCF8B2CF8514}
	EndGlobalSection
EndGlobal
